
Microsoft Visual Studio Solution File, Format Version 12.00
# Visual Studio Version 17
VisualStudioVersion = 17.8.34525.116
MinimumVisualStudioVersion = 10.0.40219.1
Project("{FAE04EC0-301F-11D3-BF4B-00C04F79EFBC}") = "laba2", "laba2\laba2.csproj", "{588CB7F2-63D3-46B9-A1DB-0971051908C7}"
EndProject
Global
	GlobalSection(SolutionConfigurationPlatforms) = preSolution
		Debug|Any CPU = Debug|Any CPU
		Release|Any CPU = Release|Any CPU
	EndGlobalSection
	GlobalSection(ProjectConfigurationPlatforms) = postSolution
		{588CB7F2-63D3-46B9-A1DB-0971051908C7}.Debug|Any CPU.ActiveCfg = Debug|Any CPU
		{588CB7F2-63D3-46B9-A1DB-0971051908C7}.Debug|Any CPU.Build.0 = Debug|Any CPU
		{588CB7F2-63D3-46B9-A1DB-0971051908C7}.Release|Any CPU.ActiveCfg = Release|Any CPU
		{588CB7F2-63D3-46B9-A1DB-0971051908C7}.Release|Any CPU.Build.0 = Release|Any CPU
	EndGlobalSection
	GlobalSection(SolutionProperties) = preSolution
		HideSolutionNode = FALSE
	EndGlobalSection
	GlobalSection(ExtensibilityGlobals) = postSolution
		SolutionGuid = {C52D39D5-F0B6-48DB-8123-932671E392B5}
	EndGlobalSection
EndGlobal
